{
  "name": "json-config-controller",
  "version": "1.0.0",
  "lockfileVersion": 1,
  "requires": true,
  "dependencies": {
    "@danisl99/deep-proxy": {
      "version": "1.0.0",
      "resolved": "https://registry.npmjs.org/@danisl99/deep-proxy/-/deep-proxy-1.0.0.tgz",
      "integrity": "sha512-53rCeAQPrI7yZTWG3+U+jH7qr7qNjzPxR6bO/0APJcWBwLoc5zEVHLMsCDi9z2XQd5QDat1k/MtZd7BvcQ9sTQ=="
    }
  }
}
